
Microsoft Visual Studio Solution File, Format Version 12.00
# Visual Studio Version 17
VisualStudioVersion = 17.0.31903.59
MinimumVisualStudioVersion = 10.0.40219.1
Project("{FAE04EC0-301F-11D3-BF4B-00C04F79EFBC}") = "ComplianceAnalytics.API", "ComplianceAnalytics.API\ComplianceAnalytics.API.csproj", "{4C4C7C7D-DB66-4B69-B0F7-7415352ADD66}"
EndProject
Project("{FAE04EC0-301F-11D3-BF4B-00C04F79EFBC}") = "ComplianceAnalytics.Application", "ComplianceAnalytics.Application\ComplianceAnalytics.Application.csproj", "{15303E88-9B3E-4823-A3DD-3EA58C9A95D3}"
EndProject
Project("{FAE04EC0-301F-11D3-BF4B-00C04F79EFBC}") = "ComplianceAnalytics.Domain", "ComplianceAnalytics.Domain\ComplianceAnalytics.Domain.csproj", "{C7A45942-977F-44D4-AB1B-37CA78C7B977}"
EndProject
Project("{FAE04EC0-301F-11D3-BF4B-00C04F79EFBC}") = "ComplianceAnalytics.Infrastructure", "ComplianceAnalytics.Infrastructure\ComplianceAnalytics.Infrastructure.csproj", "{DEF99553-42EA-4813-8B0F-3B62E80EB927}"
EndProject
Project("{FAE04EC0-301F-11D3-BF4B-00C04F79EFBC}") = "ComplianceAnalytics.Tests", "ComplianceAnalytics.Tests\ComplianceAnalytics.Tests.csproj", "{F748392E-938B-43E7-B8EB-1B2BD3069481}"
EndProject
Global
	GlobalSection(SolutionConfigurationPlatforms) = preSolution
		Debug|Any CPU = Debug|Any CPU
		Debug|x64 = Debug|x64
		Debug|x86 = Debug|x86
		Release|Any CPU = Release|Any CPU
		Release|x64 = Release|x64
		Release|x86 = Release|x86
	EndGlobalSection
	GlobalSection(ProjectConfigurationPlatforms) = postSolution
		{4C4C7C7D-DB66-4B69-B0F7-7415352ADD66}.Debug|Any CPU.ActiveCfg = Debug|Any CPU
		{4C4C7C7D-DB66-4B69-B0F7-7415352ADD66}.Debug|Any CPU.Build.0 = Debug|Any CPU
		{4C4C7C7D-DB66-4B69-B0F7-7415352ADD66}.Debug|x64.ActiveCfg = Debug|Any CPU
		{4C4C7C7D-DB66-4B69-B0F7-7415352ADD66}.Debug|x64.Build.0 = Debug|Any CPU
		{4C4C7C7D-DB66-4B69-B0F7-7415352ADD66}.Debug|x86.ActiveCfg = Debug|Any CPU
		{4C4C7C7D-DB66-4B69-B0F7-7415352ADD66}.Debug|x86.Build.0 = Debug|Any CPU
		{4C4C7C7D-DB66-4B69-B0F7-7415352ADD66}.Release|Any CPU.ActiveCfg = Release|Any CPU
		{4C4C7C7D-DB66-4B69-B0F7-7415352ADD66}.Release|Any CPU.Build.0 = Release|Any CPU
		{4C4C7C7D-DB66-4B69-B0F7-7415352ADD66}.Release|x64.ActiveCfg = Release|Any CPU
		{4C4C7C7D-DB66-4B69-B0F7-7415352ADD66}.Release|x64.Build.0 = Release|Any CPU
		{4C4C7C7D-DB66-4B69-B0F7-7415352ADD66}.Release|x86.ActiveCfg = Release|Any CPU
		{4C4C7C7D-DB66-4B69-B0F7-7415352ADD66}.Release|x86.Build.0 = Release|Any CPU
		{15303E88-9B3E-4823-A3DD-3EA58C9A95D3}.Debug|Any CPU.ActiveCfg = Debug|Any CPU
		{15303E88-9B3E-4823-A3DD-3EA58C9A95D3}.Debug|Any CPU.Build.0 = Debug|Any CPU
		{15303E88-9B3E-4823-A3DD-3EA58C9A95D3}.Debug|x64.ActiveCfg = Debug|Any CPU
		{15303E88-9B3E-4823-A3DD-3EA58C9A95D3}.Debug|x64.Build.0 = Debug|Any CPU
		{15303E88-9B3E-4823-A3DD-3EA58C9A95D3}.Debug|x86.ActiveCfg = Debug|Any CPU
		{15303E88-9B3E-4823-A3DD-3EA58C9A95D3}.Debug|x86.Build.0 = Debug|Any CPU
		{15303E88-9B3E-4823-A3DD-3EA58C9A95D3}.Release|Any CPU.ActiveCfg = Release|Any CPU
		{15303E88-9B3E-4823-A3DD-3EA58C9A95D3}.Release|Any CPU.Build.0 = Release|Any CPU
		{15303E88-9B3E-4823-A3DD-3EA58C9A95D3}.Release|x64.ActiveCfg = Release|Any CPU
		{15303E88-9B3E-4823-A3DD-3EA58C9A95D3}.Release|x64.Build.0 = Release|Any CPU
		{15303E88-9B3E-4823-A3DD-3EA58C9A95D3}.Release|x86.ActiveCfg = Release|Any CPU
		{15303E88-9B3E-4823-A3DD-3EA58C9A95D3}.Release|x86.Build.0 = Release|Any CPU
		{C7A45942-977F-44D4-AB1B-37CA78C7B977}.Debug|Any CPU.ActiveCfg = Debug|Any CPU
		{C7A45942-977F-44D4-AB1B-37CA78C7B977}.Debug|Any CPU.Build.0 = Debug|Any CPU
		{C7A45942-977F-44D4-AB1B-37CA78C7B977}.Debug|x64.ActiveCfg = Debug|Any CPU
		{C7A45942-977F-44D4-AB1B-37CA78C7B977}.Debug|x64.Build.0 = Debug|Any CPU
		{C7A45942-977F-44D4-AB1B-37CA78C7B977}.Debug|x86.ActiveCfg = Debug|Any CPU
		{C7A45942-977F-44D4-AB1B-37CA78C7B977}.Debug|x86.Build.0 = Debug|Any CPU
		{C7A45942-977F-44D4-AB1B-37CA78C7B977}.Release|Any CPU.ActiveCfg = Release|Any CPU
		{C7A45942-977F-44D4-AB1B-37CA78C7B977}.Release|Any CPU.Build.0 = Release|Any CPU
		{C7A45942-977F-44D4-AB1B-37CA78C7B977}.Release|x64.ActiveCfg = Release|Any CPU
		{C7A45942-977F-44D4-AB1B-37CA78C7B977}.Release|x64.Build.0 = Release|Any CPU
		{C7A45942-977F-44D4-AB1B-37CA78C7B977}.Release|x86.ActiveCfg = Release|Any CPU
		{C7A45942-977F-44D4-AB1B-37CA78C7B977}.Release|x86.Build.0 = Release|Any CPU
		{DEF99553-42EA-4813-8B0F-3B62E80EB927}.Debug|Any CPU.ActiveCfg = Debug|Any CPU
		{DEF99553-42EA-4813-8B0F-3B62E80EB927}.Debug|Any CPU.Build.0 = Debug|Any CPU
		{DEF99553-42EA-4813-8B0F-3B62E80EB927}.Debug|x64.ActiveCfg = Debug|Any CPU
		{DEF99553-42EA-4813-8B0F-3B62E80EB927}.Debug|x64.Build.0 = Debug|Any CPU
		{DEF99553-42EA-4813-8B0F-3B62E80EB927}.Debug|x86.ActiveCfg = Debug|Any CPU
		{DEF99553-42EA-4813-8B0F-3B62E80EB927}.Debug|x86.Build.0 = Debug|Any CPU
		{DEF99553-42EA-4813-8B0F-3B62E80EB927}.Release|Any CPU.ActiveCfg = Release|Any CPU
		{DEF99553-42EA-4813-8B0F-3B62E80EB927}.Release|Any CPU.Build.0 = Release|Any CPU
		{DEF99553-42EA-4813-8B0F-3B62E80EB927}.Release|x64.ActiveCfg = Release|Any CPU
		{DEF99553-42EA-4813-8B0F-3B62E80EB927}.Release|x64.Build.0 = Release|Any CPU
		{DEF99553-42EA-4813-8B0F-3B62E80EB927}.Release|x86.ActiveCfg = Release|Any CPU
		{DEF99553-42EA-4813-8B0F-3B62E80EB927}.Release|x86.Build.0 = Release|Any CPU
		{F748392E-938B-43E7-B8EB-1B2BD3069481}.Debug|Any CPU.ActiveCfg = Debug|Any CPU
		{F748392E-938B-43E7-B8EB-1B2BD3069481}.Debug|Any CPU.Build.0 = Debug|Any CPU
		{F748392E-938B-43E7-B8EB-1B2BD3069481}.Debug|x64.ActiveCfg = Debug|Any CPU
		{F748392E-938B-43E7-B8EB-1B2BD3069481}.Debug|x64.Build.0 = Debug|Any CPU
		{F748392E-938B-43E7-B8EB-1B2BD3069481}.Debug|x86.ActiveCfg = Debug|Any CPU
		{F748392E-938B-43E7-B8EB-1B2BD3069481}.Debug|x86.Build.0 = Debug|Any CPU
		{F748392E-938B-43E7-B8EB-1B2BD3069481}.Release|Any CPU.ActiveCfg = Release|Any CPU
		{F748392E-938B-43E7-B8EB-1B2BD3069481}.Release|Any CPU.Build.0 = Release|Any CPU
		{F748392E-938B-43E7-B8EB-1B2BD3069481}.Release|x64.ActiveCfg = Release|Any CPU
		{F748392E-938B-43E7-B8EB-1B2BD3069481}.Release|x64.Build.0 = Release|Any CPU
		{F748392E-938B-43E7-B8EB-1B2BD3069481}.Release|x86.ActiveCfg = Release|Any CPU
		{F748392E-938B-43E7-B8EB-1B2BD3069481}.Release|x86.Build.0 = Release|Any CPU
	EndGlobalSection
	GlobalSection(SolutionProperties) = preSolution
		HideSolutionNode = FALSE
	EndGlobalSection
EndGlobal
